// !$*UTF8*$!
{
	archiveVersion = 1;
	classes = {
	};
	objectVersion = 50;
	objects = {

/* Begin PBXBuildFile section */
		E241C79C249E0D1A00B19DBB /* DataViewController.swift in Sources */ = {isa = PBXBuildFile; fileRef = E241C79B249E0D1A00B19DBB /* DataViewController.swift */; };
		E241C7A0249F1A4500B19DBB /* FeedsModelTests.swift in Sources */ = {isa = PBXBuildFile; fileRef = E241C79F249F1A4500B19DBB /* FeedsModelTests.swift */; };
		E241C7A6249F1A9400B19DBB /* MockData.swift in Sources */ = {isa = PBXBuildFile; fileRef = E241C7A3249F1A9400B19DBB /* MockData.swift */; };
		E241C7A7249F1A9400B19DBB /* facts.json in Resources */ = {isa = PBXBuildFile; fileRef = E241C7A4249F1A9400B19DBB /* facts.json */; };
		E241C7A9249F1F1600B19DBB /* FactsViewModelTests.swift in Sources */ = {isa = PBXBuildFile; fileRef = E241C7A8249F1F1600B19DBB /* FactsViewModelTests.swift */; };
		E241C7AB249F1F5000B19DBB /* MockFeedsService.swift in Sources */ = {isa = PBXBuildFile; fileRef = E241C7AA249F1F5000B19DBB /* MockFeedsService.swift */; };
		E2CCDAE924A377A000E691D5 /* AppConstants.swift in Sources */ = {isa = PBXBuildFile; fileRef = E2CCDAE824A377A000E691D5 /* AppConstants.swift */; };
		E2CFCD71249CEB850053CC99 /* AppDelegate.swift in Sources */ = {isa = PBXBuildFile; fileRef = E2CFCD70249CEB850053CC99 /* AppDelegate.swift */; };
		E2CFCD73249CEB850053CC99 /* SceneDelegate.swift in Sources */ = {isa = PBXBuildFile; fileRef = E2CFCD72249CEB850053CC99 /* SceneDelegate.swift */; };
		E2CFCD7A249CEB880053CC99 /* Assets.xcassets in Resources */ = {isa = PBXBuildFile; fileRef = E2CFCD79249CEB880053CC99 /* Assets.xcassets */; };
		E2CFCD7D249CEB880053CC99 /* LaunchScreen.storyboard in Resources */ = {isa = PBXBuildFile; fileRef = E2CFCD7B249CEB880053CC99 /* LaunchScreen.storyboard */; };
		E2CFCD93249CEB880053CC99 /* iOS_ExerciseUITests.swift in Sources */ = {isa = PBXBuildFile; fileRef = E2CFCD92249CEB880053CC99 /* iOS_ExerciseUITests.swift */; };
		E2CFCDA1249CED260053CC99 /* DataTableViewCell.swift in Sources */ = {isa = PBXBuildFile; fileRef = E2CFCDA0249CED260053CC99 /* DataTableViewCell.swift */; };
		E2CFCDB3249CED450053CC99 /* RequestService.swift in Sources */ = {isa = PBXBuildFile; fileRef = E2CFCDA5249CED450053CC99 /* RequestService.swift */; };
		E2CFCDB4249CED450053CC99 /* Result.swift in Sources */ = {isa = PBXBuildFile; fileRef = E2CFCDA6249CED450053CC99 /* Result.swift */; };
		E2CFCDB5249CED450053CC99 /* ErrorResult.swift in Sources */ = {isa = PBXBuildFile; fileRef = E2CFCDA7249CED450053CC99 /* ErrorResult.swift */; };
		E2CFCDB6249CED450053CC99 /* RequestFactory.swift in Sources */ = {isa = PBXBuildFile; fileRef = E2CFCDA8249CED450053CC99 /* RequestFactory.swift */; };
		E2CFCDB7249CED450053CC99 /* ParserHelper.swift in Sources */ = {isa = PBXBuildFile; fileRef = E2CFCDAA249CED450053CC99 /* ParserHelper.swift */; };
		E2CFCDB8249CED450053CC99 /* Extension.swift in Sources */ = {isa = PBXBuildFile; fileRef = E2CFCDAC249CED450053CC99 /* Extension.swift */; };
		E2CFCDB9249CED450053CC99 /* ImageView.swift in Sources */ = {isa = PBXBuildFile; fileRef = E2CFCDAD249CED450053CC99 /* ImageView.swift */; };
		E2CFCDBA249CED450053CC99 /* ListModel.swift in Sources */ = {isa = PBXBuildFile; fileRef = E2CFCDAF249CED450053CC99 /* ListModel.swift */; };
		E2CFCDBB249CED450053CC99 /* FeedsModel.swift in Sources */ = {isa = PBXBuildFile; fileRef = E2CFCDB0249CED450053CC99 /* FeedsModel.swift */; };
		E2CFCDBC249CED450053CC99 /* FactsViewModel.swift in Sources */ = {isa = PBXBuildFile; fileRef = E2CFCDB2249CED450053CC99 /* FactsViewModel.swift */; };
/* End PBXBuildFile section */

/* Begin PBXContainerItemProxy section */
		E2CFCD84249CEB880053CC99 /* PBXContainerItemProxy */ = {
			isa = PBXContainerItemProxy;
			containerPortal = E2CFCD65249CEB850053CC99 /* Project object */;
			proxyType = 1;
			remoteGlobalIDString = E2CFCD6C249CEB850053CC99;
			remoteInfo = iOS_Exercise;
		};
		E2CFCD8F249CEB880053CC99 /* PBXContainerItemProxy */ = {
			isa = PBXContainerItemProxy;
			containerPortal = E2CFCD65249CEB850053CC99 /* Project object */;
			proxyType = 1;
			remoteGlobalIDString = E2CFCD6C249CEB850053CC99;
			remoteInfo = iOS_Exercise;
		};
/* End PBXContainerItemProxy section */

/* Begin PBXFileReference section */
		E241C79B249E0D1A00B19DBB /* DataViewController.swift */ = {isa = PBXFileReference; lastKnownFileType = sourcecode.swift; path = DataViewController.swift; sourceTree = "<group>"; };
		E241C79F249F1A4500B19DBB /* FeedsModelTests.swift */ = {isa = PBXFileReference; fileEncoding = 4; lastKnownFileType = sourcecode.swift; path = FeedsModelTests.swift; sourceTree = "<group>"; };
		E241C7A3249F1A9400B19DBB /* MockData.swift */ = {isa = PBXFileReference; fileEncoding = 4; lastKnownFileType = sourcecode.swift; path = MockData.swift; sourceTree = "<group>"; };
		E241C7A4249F1A9400B19DBB /* facts.json */ = {isa = PBXFileReference; fileEncoding = 4; lastKnownFileType = text.json; path = facts.json; sourceTree = "<group>"; };
		E241C7A8249F1F1600B19DBB /* FactsViewModelTests.swift */ = {isa = PBXFileReference; fileEncoding = 4; lastKnownFileType = sourcecode.swift; path = FactsViewModelTests.swift; sourceTree = "<group>"; };
		E241C7AA249F1F5000B19DBB /* MockFeedsService.swift */ = {isa = PBXFileReference; fileEncoding = 4; lastKnownFileType = sourcecode.swift; path = MockFeedsService.swift; sourceTree = "<group>"; };
		E2CCDAE824A377A000E691D5 /* AppConstants.swift */ = {isa = PBXFileReference; lastKnownFileType = sourcecode.swift; path = AppConstants.swift; sourceTree = "<group>"; };
		E2CFCD6D249CEB850053CC99 /* iOS_Exercise.app */ = {isa = PBXFileReference; explicitFileType = wrapper.application; includeInIndex = 0; path = iOS_Exercise.app; sourceTree = BUILT_PRODUCTS_DIR; };
		E2CFCD70249CEB850053CC99 /* AppDelegate.swift */ = {isa = PBXFileReference; lastKnownFileType = sourcecode.swift; path = AppDelegate.swift; sourceTree = "<group>"; };
		E2CFCD72249CEB850053CC99 /* SceneDelegate.swift */ = {isa = PBXFileReference; lastKnownFileType = sourcecode.swift; path = SceneDelegate.swift; sourceTree = "<group>"; };
		E2CFCD79249CEB880053CC99 /* Assets.xcassets */ = {isa = PBXFileReference; lastKnownFileType = folder.assetcatalog; path = Assets.xcassets; sourceTree = "<group>"; };
		E2CFCD7C249CEB880053CC99 /* Base */ = {isa = PBXFileReference; lastKnownFileType = file.storyboard; name = Base; path = Base.lproj/LaunchScreen.storyboard; sourceTree = "<group>"; };
		E2CFCD7E249CEB880053CC99 /* Info.plist */ = {isa = PBXFileReference; lastKnownFileType = text.plist.xml; path = Info.plist; sourceTree = "<group>"; };
		E2CFCD83249CEB880053CC99 /* iOS_ExerciseTests.xctest */ = {isa = PBXFileReference; explicitFileType = wrapper.cfbundle; includeInIndex = 0; path = iOS_ExerciseTests.xctest; sourceTree = BUILT_PRODUCTS_DIR; };
		E2CFCD89249CEB880053CC99 /* Info.plist */ = {isa = PBXFileReference; lastKnownFileType = text.plist.xml; path = Info.plist; sourceTree = "<group>"; };
		E2CFCD8E249CEB880053CC99 /* iOS_ExerciseUITests.xctest */ = {isa = PBXFileReference; explicitFileType = wrapper.cfbundle; includeInIndex = 0; path = iOS_ExerciseUITests.xctest; sourceTree = BUILT_PRODUCTS_DIR; };
		E2CFCD92249CEB880053CC99 /* iOS_ExerciseUITests.swift */ = {isa = PBXFileReference; lastKnownFileType = sourcecode.swift; path = iOS_ExerciseUITests.swift; sourceTree = "<group>"; };
		E2CFCD94249CEB880053CC99 /* Info.plist */ = {isa = PBXFileReference; lastKnownFileType = text.plist.xml; path = Info.plist; sourceTree = "<group>"; };
		E2CFCDA0249CED260053CC99 /* DataTableViewCell.swift */ = {isa = PBXFileReference; fileEncoding = 4; lastKnownFileType = sourcecode.swift; path = DataTableViewCell.swift; sourceTree = "<group>"; };
		E2CFCDA5249CED450053CC99 /* RequestService.swift */ = {isa = PBXFileReference; fileEncoding = 4; lastKnownFileType = sourcecode.swift; path = RequestService.swift; sourceTree = "<group>"; };
		E2CFCDA6249CED450053CC99 /* Result.swift */ = {isa = PBXFileReference; fileEncoding = 4; lastKnownFileType = sourcecode.swift; path = Result.swift; sourceTree = "<group>"; };
		E2CFCDA7249CED450053CC99 /* ErrorResult.swift */ = {isa = PBXFileReference; fileEncoding = 4; lastKnownFileType = sourcecode.swift; path = ErrorResult.swift; sourceTree = "<group>"; };
		E2CFCDA8249CED450053CC99 /* RequestFactory.swift */ = {isa = PBXFileReference; fileEncoding = 4; lastKnownFileType = sourcecode.swift; path = RequestFactory.swift; sourceTree = "<group>"; };
		E2CFCDAA249CED450053CC99 /* ParserHelper.swift */ = {isa = PBXFileReference; fileEncoding = 4; lastKnownFileType = sourcecode.swift; path = ParserHelper.swift; sourceTree = "<group>"; };
		E2CFCDAC249CED450053CC99 /* Extension.swift */ = {isa = PBXFileReference; fileEncoding = 4; lastKnownFileType = sourcecode.swift; path = Extension.swift; sourceTree = "<group>"; };
		E2CFCDAD249CED450053CC99 /* ImageView.swift */ = {isa = PBXFileReference; fileEncoding = 4; lastKnownFileType = sourcecode.swift; path = ImageView.swift; sourceTree = "<group>"; };
		E2CFCDAF249CED450053CC99 /* ListModel.swift */ = {isa = PBXFileReference; fileEncoding = 4; lastKnownFileType = sourcecode.swift; path = ListModel.swift; sourceTree = "<group>"; };
		E2CFCDB0249CED450053CC99 /* FeedsModel.swift */ = {isa = PBXFileReference; fileEncoding = 4; lastKnownFileType = sourcecode.swift; path = FeedsModel.swift; sourceTree = "<group>"; };
		E2CFCDB2249CED450053CC99 /* FactsViewModel.swift */ = {isa = PBXFileReference; fileEncoding = 4; lastKnownFileType = sourcecode.swift; path = FactsViewModel.swift; sourceTree = "<group>"; };
/* End PBXFileReference section */

/* Begin PBXFrameworksBuildPhase section */
		E2CFCD6A249CEB850053CC99 /* Frameworks */ = {
			isa = PBXFrameworksBuildPhase;
			buildActionMask = 2147483647;
			files = (
			);
			runOnlyForDeploymentPostprocessing = 0;
		};
		E2CFCD80249CEB880053CC99 /* Frameworks */ = {
			isa = PBXFrameworksBuildPhase;
			buildActionMask = 2147483647;
			files = (
			);
			runOnlyForDeploymentPostprocessing = 0;
		};
		E2CFCD8B249CEB880053CC99 /* Frameworks */ = {
			isa = PBXFrameworksBuildPhase;
			buildActionMask = 2147483647;
			files = (
			);
			runOnlyForDeploymentPostprocessing = 0;
		};
/* End PBXFrameworksBuildPhase section */

/* Begin PBXGroup section */
		E241C7A1249F1A9400B19DBB /* Mocks */ = {
			isa = PBXGroup;
			children = (
				E241C7A3249F1A9400B19DBB /* MockData.swift */,
				E241C7AA249F1F5000B19DBB /* MockFeedsService.swift */,
				E241C7A4249F1A9400B19DBB /* facts.json */,
			);
			path = Mocks;
			sourceTree = "<group>";
		};
		E2CCDAEA24A3A8F900E691D5 /* Constants */ = {
			isa = PBXGroup;
			children = (
				E2CCDAE824A377A000E691D5 /* AppConstants.swift */,
			);
			path = Constants;
			sourceTree = "<group>";
		};
		E2CFCD64249CEB850053CC99 = {
			isa = PBXGroup;
			children = (
				E2CFCD6F249CEB850053CC99 /* iOS_Exercise */,
				E2CFCD86249CEB880053CC99 /* iOS_ExerciseTests */,
				E2CFCD91249CEB880053CC99 /* iOS_ExerciseUITests */,
				E2CFCD6E249CEB850053CC99 /* Products */,
			);
			sourceTree = "<group>";
		};
		E2CFCD6E249CEB850053CC99 /* Products */ = {
			isa = PBXGroup;
			children = (
				E2CFCD6D249CEB850053CC99 /* iOS_Exercise.app */,
				E2CFCD83249CEB880053CC99 /* iOS_ExerciseTests.xctest */,
				E2CFCD8E249CEB880053CC99 /* iOS_ExerciseUITests.xctest */,
			);
			name = Products;
			sourceTree = "<group>";
		};
		E2CFCD6F249CEB850053CC99 /* iOS_Exercise */ = {
			isa = PBXGroup;
			children = (
				E2CFCD70249CEB850053CC99 /* AppDelegate.swift */,
				E2CFCD72249CEB850053CC99 /* SceneDelegate.swift */,
				E2CFCDAE249CED450053CC99 /* Model */,
				E2CFCDA2249CED310053CC99 /* View */,
				E2CFCDB1249CED450053CC99 /* ViewModel */,
				E2CFCDA3249CED450053CC99 /* Network */,
				E2CFCDAB249CED450053CC99 /* Extensions */,
				E2CCDAEA24A3A8F900E691D5 /* Constants */,
				E2CFCD79249CEB880053CC99 /* Assets.xcassets */,
				E2CFCD7E249CEB880053CC99 /* Info.plist */,
			);
			path = iOS_Exercise;
			sourceTree = "<group>";
		};
		E2CFCD86249CEB880053CC99 /* iOS_ExerciseTests */ = {
			isa = PBXGroup;
			children = (
				E241C7A1249F1A9400B19DBB /* Mocks */,
				E241C79F249F1A4500B19DBB /* FeedsModelTests.swift */,
				E241C7A8249F1F1600B19DBB /* FactsViewModelTests.swift */,
				E2CFCD89249CEB880053CC99 /* Info.plist */,
			);
			path = iOS_ExerciseTests;
			sourceTree = "<group>";
		};
		E2CFCD91249CEB880053CC99 /* iOS_ExerciseUITests */ = {
			isa = PBXGroup;
			children = (
				E2CFCD92249CEB880053CC99 /* iOS_ExerciseUITests.swift */,
				E2CFCD94249CEB880053CC99 /* Info.plist */,
			);
			path = iOS_ExerciseUITests;
			sourceTree = "<group>";
		};
		E2CFCDA2249CED310053CC99 /* View */ = {
			isa = PBXGroup;
			children = (
				E241C79B249E0D1A00B19DBB /* DataViewController.swift */,
				E2CFCDA0249CED260053CC99 /* DataTableViewCell.swift */,
				E2CFCD7B249CEB880053CC99 /* LaunchScreen.storyboard */,
			);
			path = View;
			sourceTree = "<group>";
		};
		E2CFCDA3249CED450053CC99 /* Network */ = {
			isa = PBXGroup;
			children = (
				E2CFCDA4249CED450053CC99 /* Network */,
				E2CFCDA9249CED450053CC99 /* Parser */,
			);
			path = Network;
			sourceTree = "<group>";
		};
		E2CFCDA4249CED450053CC99 /* Network */ = {
			isa = PBXGroup;
			children = (
				E2CFCDA5249CED450053CC99 /* RequestService.swift */,
				E2CFCDA6249CED450053CC99 /* Result.swift */,
				E2CFCDA7249CED450053CC99 /* ErrorResult.swift */,
				E2CFCDA8249CED450053CC99 /* RequestFactory.swift */,
			);
			path = Network;
			sourceTree = "<group>";
		};
		E2CFCDA9249CED450053CC99 /* Parser */ = {
			isa = PBXGroup;
			children = (
				E2CFCDAA249CED450053CC99 /* ParserHelper.swift */,
			);
			path = Parser;
			sourceTree = "<group>";
		};
		E2CFCDAB249CED450053CC99 /* Extensions */ = {
			isa = PBXGroup;
			children = (
				E2CFCDAC249CED450053CC99 /* Extension.swift */,
				E2CFCDAD249CED450053CC99 /* ImageView.swift */,
			);
			path = Extensions;
			sourceTree = "<group>";
		};
		E2CFCDAE249CED450053CC99 /* Model */ = {
			isa = PBXGroup;
			children = (
				E2CFCDAF249CED450053CC99 /* ListModel.swift */,
				E2CFCDB0249CED450053CC99 /* FeedsModel.swift */,
			);
			path = Model;
			sourceTree = "<group>";
		};
		E2CFCDB1249CED450053CC99 /* ViewModel */ = {
			isa = PBXGroup;
			children = (
				E2CFCDB2249CED450053CC99 /* FactsViewModel.swift */,
			);
			path = ViewModel;
			sourceTree = "<group>";
		};
/* End PBXGroup section */

/* Begin PBXNativeTarget section */
		E2CFCD6C249CEB850053CC99 /* iOS_Exercise */ = {
			isa = PBXNativeTarget;
			buildConfigurationList = E2CFCD97249CEB880053CC99 /* Build configuration list for PBXNativeTarget "iOS_Exercise" */;
			buildPhases = (
				E2CFCD69249CEB850053CC99 /* Sources */,
				E2CFCD6A249CEB850053CC99 /* Frameworks */,
				E2CFCD6B249CEB850053CC99 /* Resources */,
			);
			buildRules = (
			);
			dependencies = (
			);
			name = iOS_Exercise;
			productName = iOS_Exercise;
			productReference = E2CFCD6D249CEB850053CC99 /* iOS_Exercise.app */;
			productType = "com.apple.product-type.application";
		};
		E2CFCD82249CEB880053CC99 /* iOS_ExerciseTests */ = {
			isa = PBXNativeTarget;
			buildConfigurationList = E2CFCD9A249CEB880053CC99 /* Build configuration list for PBXNativeTarget "iOS_ExerciseTests" */;
			buildPhases = (
				E2CFCD7F249CEB880053CC99 /* Sources */,
				E2CFCD80249CEB880053CC99 /* Frameworks */,
				E2CFCD81249CEB880053CC99 /* Resources */,
			);
			buildRules = (
			);
			dependencies = (
				E2CFCD85249CEB880053CC99 /* PBXTargetDependency */,
			);
			name = iOS_ExerciseTests;
			productName = iOS_ExerciseTests;
			productReference = E2CFCD83249CEB880053CC99 /* iOS_ExerciseTests.xctest */;
			productType = "com.apple.product-type.bundle.unit-test";
		};
		E2CFCD8D249CEB880053CC99 /* iOS_ExerciseUITests */ = {
			isa = PBXNativeTarget;
			buildConfigurationList = E2CFCD9D249CEB880053CC99 /* Build configuration list for PBXNativeTarget "iOS_ExerciseUITests" */;
			buildPhases = (
				E2CFCD8A249CEB880053CC99 /* Sources */,
				E2CFCD8B249CEB880053CC99 /* Frameworks */,
				E2CFCD8C249CEB880053CC99 /* Resources */,
			);
			buildRules = (
			);
			dependencies = (
				E2CFCD90249CEB880053CC99 /* PBXTargetDependency */,
			);
			name = iOS_ExerciseUITests;
			productName = iOS_ExerciseUITests;
			productReference = E2CFCD8E249CEB880053CC99 /* iOS_ExerciseUITests.xctest */;
			productType = "com.apple.product-type.bundle.ui-testing";
		};
/* End PBXNativeTarget section */

/* Begin PBXProject section */
		E2CFCD65249CEB850053CC99 /* Project object */ = {
			isa = PBXProject;
			attributes = {
				LastSwiftUpdateCheck = 1130;
				LastUpgradeCheck = 1130;
				ORGANIZATIONNAME = Niranjan;
				TargetAttributes = {
					E2CFCD6C249CEB850053CC99 = {
						CreatedOnToolsVersion = 11.3.1;
					};
					E2CFCD82249CEB880053CC99 = {
						CreatedOnToolsVersion = 11.3.1;
						TestTargetID = E2CFCD6C249CEB850053CC99;
					};
					E2CFCD8D249CEB880053CC99 = {
						CreatedOnToolsVersion = 11.3.1;
						TestTargetID = E2CFCD6C249CEB850053CC99;
					};
				};
			};
			buildConfigurationList = E2CFCD68249CEB850053CC99 /* Build configuration list for PBXProject "iOS_Exercise" */;
			compatibilityVersion = "Xcode 9.3";
			developmentRegion = en;
			hasScannedForEncodings = 0;
			knownRegions = (
				en,
				Base,
			);
			mainGroup = E2CFCD64249CEB850053CC99;
			productRefGroup = E2CFCD6E249CEB850053CC99 /* Products */;
			projectDirPath = "";
			projectRoot = "";
			targets = (
				E2CFCD6C249CEB850053CC99 /* iOS_Exercise */,
				E2CFCD82249CEB880053CC99 /* iOS_ExerciseTests */,
				E2CFCD8D249CEB880053CC99 /* iOS_ExerciseUITests */,
			);
		};
/* End PBXProject section */

/* Begin PBXResourcesBuildPhase section */
		E2CFCD6B249CEB850053CC99 /* Resources */ = {
			isa = PBXResourcesBuildPhase;
			buildActionMask = 2147483647;
			files = (
				E2CFCD7D249CEB880053CC99 /* LaunchScreen.storyboard in Resources */,
				E2CFCD7A249CEB880053CC99 /* Assets.xcassets in Resources */,
			);
			runOnlyForDeploymentPostprocessing = 0;
		};
		E2CFCD81249CEB880053CC99 /* Resources */ = {
			isa = PBXResourcesBuildPhase;
			buildActionMask = 2147483647;
			files = (
				E241C7A7249F1A9400B19DBB /* facts.json in Resources */,
			);
			runOnlyForDeploymentPostprocessing = 0;
		};
		E2CFCD8C249CEB880053CC99 /* Resources */ = {
			isa = PBXResourcesBuildPhase;
			buildActionMask = 2147483647;
			files = (
			);
			runOnlyForDeploymentPostprocessing = 0;
		};
/* End PBXResourcesBuildPhase section */

/* Begin PBXSourcesBuildPhase section */
		E2CFCD69249CEB850053CC99 /* Sources */ = {
			isa = PBXSourcesBuildPhase;
			buildActionMask = 2147483647;
			files = (
				E2CFCDB6249CED450053CC99 /* RequestFactory.swift in Sources */,
				E2CFCDB4249CED450053CC99 /* Result.swift in Sources */,
				E2CFCDBC249CED450053CC99 /* FactsViewModel.swift in Sources */,
				E2CFCDB7249CED450053CC99 /* ParserHelper.swift in Sources */,
				E2CFCDBB249CED450053CC99 /* FeedsModel.swift in Sources */,
				E2CFCDBA249CED450053CC99 /* ListModel.swift in Sources */,
				E241C79C249E0D1A00B19DBB /* DataViewController.swift in Sources */,
				E2CFCDB9249CED450053CC99 /* ImageView.swift in Sources */,
				E2CFCD71249CEB850053CC99 /* AppDelegate.swift in Sources */,
				E2CFCDB8249CED450053CC99 /* Extension.swift in Sources */,
				E2CCDAE924A377A000E691D5 /* AppConstants.swift in Sources */,
				E2CFCDB5249CED450053CC99 /* ErrorResult.swift in Sources */,
				E2CFCD73249CEB850053CC99 /* SceneDelegate.swift in Sources */,
				E2CFCDB3249CED450053CC99 /* RequestService.swift in Sources */,
				E2CFCDA1249CED260053CC99 /* DataTableViewCell.swift in Sources */,
			);
			runOnlyForDeploymentPostprocessing = 0;
		};
		E2CFCD7F249CEB880053CC99 /* Sources */ = {
			isa = PBXSourcesBuildPhase;
			buildActionMask = 2147483647;
			files = (
				E241C7A6249F1A9400B19DBB /* MockData.swift in Sources */,
				E241C7A9249F1F1600B19DBB /* FactsViewModelTests.swift in Sources */,
				E241C7AB249F1F5000B19DBB /* MockFeedsService.swift in Sources */,
				E241C7A0249F1A4500B19DBB /* FeedsModelTests.swift in Sources */,
			);
			runOnlyForDeploymentPostprocessing = 0;
		};
		E2CFCD8A249CEB880053CC99 /* Sources */ = {
			isa = PBXSourcesBuildPhase;
			buildActionMask = 2147483647;
			files = (
				E2CFCD93249CEB880053CC99 /* iOS_ExerciseUITests.swift in Sources */,
			);
			runOnlyForDeploymentPostprocessing = 0;
		};
/* End PBXSourcesBuildPhase section */

/* Begin PBXTargetDependency section */
		E2CFCD85249CEB880053CC99 /* PBXTargetDependency */ = {
			isa = PBXTargetDependency;
			target = E2CFCD6C249CEB850053CC99 /* iOS_Exercise */;
			targetProxy = E2CFCD84249CEB880053CC99 /* PBXContainerItemProxy */;
		};
		E2CFCD90249CEB880053CC99 /* PBXTargetDependency */ = {
			isa = PBXTargetDependency;
			target = E2CFCD6C249CEB850053CC99 /* iOS_Exercise */;
			targetProxy = E2CFCD8F249CEB880053CC99 /* PBXContainerItemProxy */;
		};
/* End PBXTargetDependency section */

/* Begin PBXVariantGroup section */
		E2CFCD7B249CEB880053CC99 /* LaunchScreen.storyboard */ = {
			isa = PBXVariantGroup;
			children = (
				E2CFCD7C249CEB880053CC99 /* Base */,
			);
			name = LaunchScreen.storyboard;
			sourceTree = "<group>";
		};
/* End PBXVariantGroup section */

/* Begin XCBuildConfiguration section */
		E2CFCD95249CEB880053CC99 /* Debug */ = {
			isa = XCBuildConfiguration;
			buildSettings = {
				ALWAYS_SEARCH_USER_PATHS = NO;
				CLANG_ANALYZER_NONNULL = YES;
				CLANG_ANALYZER_NUMBER_OBJECT_CONVERSION = YES_AGGRESSIVE;
				CLANG_CXX_LANGUAGE_STANDARD = "gnu++14";
				CLANG_CXX_LIBRARY = "libc++";
				CLANG_ENABLE_MODULES = YES;
				CLANG_ENABLE_OBJC_ARC = YES;
				CLANG_ENABLE_OBJC_WEAK = YES;
				CLANG_WARN_BLOCK_CAPTURE_AUTORELEASING = YES;
				CLANG_WARN_BOOL_CONVERSION = YES;
				CLANG_WARN_COMMA = YES;
				CLANG_WARN_CONSTANT_CONVERSION = YES;
				CLANG_WARN_DEPRECATED_OBJC_IMPLEMENTATIONS = YES;
				CLANG_WARN_DIRECT_OBJC_ISA_USAGE = YES_ERROR;
				CLANG_WARN_DOCUMENTATION_COMMENTS = YES;
				CLANG_WARN_EMPTY_BODY = YES;
				CLANG_WARN_ENUM_CONVERSION = YES;
				CLANG_WARN_INFINITE_RECURSION = YES;
				CLANG_WARN_INT_CONVERSION = YES;
				CLANG_WARN_NON_LITERAL_NULL_CONVERSION = YES;
				CLANG_WARN_OBJC_IMPLICIT_RETAIN_SELF = YES;
				CLANG_WARN_OBJC_LITERAL_CONVERSION = YES;
				CLANG_WARN_OBJC_ROOT_CLASS = YES_ERROR;
				CLANG_WARN_RANGE_LOOP_ANALYSIS = YES;
				CLANG_WARN_STRICT_PROTOTYPES = YES;
				CLANG_WARN_SUSPICIOUS_MOVE = YES;
				CLANG_WARN_UNGUARDED_AVAILABILITY = YES_AGGRESSIVE;
				CLANG_WARN_UNREACHABLE_CODE = YES;
				CLANG_WARN__DUPLICATE_METHOD_MATCH = YES;
				COPY_PHASE_STRIP = NO;
				DEBUG_INFORMATION_FORMAT = dwarf;
				ENABLE_STRICT_OBJC_MSGSEND = YES;
				ENABLE_TESTABILITY = YES;
				GCC_C_LANGUAGE_STANDARD = gnu11;
				GCC_DYNAMIC_NO_PIC = NO;
				GCC_NO_COMMON_BLOCKS = YES;
				GCC_OPTIMIZATION_LEVEL = 0;
				GCC_PREPROCESSOR_DEFINITIONS = (
					"DEBUG=1",
					"$(inherited)",
				);
				GCC_WARN_64_TO_32_BIT_CONVERSION = YES;
				GCC_WARN_ABOUT_RETURN_TYPE = YES_ERROR;
				GCC_WARN_UNDECLARED_SELECTOR = YES;
				GCC_WARN_UNINITIALIZED_AUTOS = YES_AGGRESSIVE;
				GCC_WARN_UNUSED_FUNCTION = YES;
				GCC_WARN_UNUSED_VARIABLE = YES;
				IPHONEOS_DEPLOYMENT_TARGET = 13.2;
				MTL_ENABLE_DEBUG_INFO = INCLUDE_SOURCE;
				MTL_FAST_MATH = YES;
				ONLY_ACTIVE_ARCH = YES;
				SDKROOT = iphoneos;
				SWIFT_ACTIVE_COMPILATION_CONDITIONS = DEBUG;
				SWIFT_OPTIMIZATION_LEVEL = "-Onone";
			};
			name = Debug;
		};
		E2CFCD96249CEB880053CC99 /* Release */ = {
			isa = XCBuildConfiguration;
			buildSettings = {
				ALWAYS_SEARCH_USER_PATHS = NO;
				CLANG_ANALYZER_NONNULL = YES;
				CLANG_ANALYZER_NUMBER_OBJECT_CONVERSION = YES_AGGRESSIVE;
				CLANG_CXX_LANGUAGE_STANDARD = "gnu++14";
				CLANG_CXX_LIBRARY = "libc++";
				CLANG_ENABLE_MODULES = YES;
				CLANG_ENABLE_OBJC_ARC = YES;
				CLANG_ENABLE_OBJC_WEAK = YES;
				CLANG_WARN_BLOCK_CAPTURE_AUTORELEASING = YES;
				CLANG_WARN_BOOL_CONVERSION = YES;
				CLANG_WARN_COMMA = YES;
				CLANG_WARN_CONSTANT_CONVERSION = YES;
				CLANG_WARN_DEPRECATED_OBJC_IMPLEMENTATIONS = YES;
				CLANG_WARN_DIRECT_OBJC_ISA_USAGE = YES_ERROR;
				CLANG_WARN_DOCUMENTATION_COMMENTS = YES;
				CLANG_WARN_EMPTY_BODY = YES;
				CLANG_WARN_ENUM_CONVERSION = YES;
				CLANG_WARN_INFINITE_RECURSION = YES;
				CLANG_WARN_INT_CONVERSION = YES;
				CLANG_WARN_NON_LITERAL_NULL_CONVERSION = YES;
				CLANG_WARN_OBJC_IMPLICIT_RETAIN_SELF = YES;
				CLANG_WARN_OBJC_LITERAL_CONVERSION = YES;
				CLANG_WARN_OBJC_ROOT_CLASS = YES_ERROR;
				CLANG_WARN_RANGE_LOOP_ANALYSIS = YES;
				CLANG_WARN_STRICT_PROTOTYPES = YES;
				CLANG_WARN_SUSPICIOUS_MOVE = YES;
				CLANG_WARN_UNGUARDED_AVAILABILITY = YES_AGGRESSIVE;
				CLANG_WARN_UNREACHABLE_CODE = YES;
				CLANG_WARN__DUPLICATE_METHOD_MATCH = YES;
				COPY_PHASE_STRIP = NO;
				DEBUG_INFORMATION_FORMAT = "dwarf-with-dsym";
				ENABLE_NS_ASSERTIONS = NO;
				ENABLE_STRICT_OBJC_MSGSEND = YES;
				GCC_C_LANGUAGE_STANDARD = gnu11;
				GCC_NO_COMMON_BLOCKS = YES;
				GCC_WARN_64_TO_32_BIT_CONVERSION = YES;
				GCC_WARN_ABOUT_RETURN_TYPE = YES_ERROR;
				GCC_WARN_UNDECLARED_SELECTOR = YES;
				GCC_WARN_UNINITIALIZED_AUTOS = YES_AGGRESSIVE;
				GCC_WARN_UNUSED_FUNCTION = YES;
				GCC_WARN_UNUSED_VARIABLE = YES;
				IPHONEOS_DEPLOYMENT_TARGET = 13.2;
				MTL_ENABLE_DEBUG_INFO = NO;
				MTL_FAST_MATH = YES;
				SDKROOT = iphoneos;
				SWIFT_COMPILATION_MODE = wholemodule;
				SWIFT_OPTIMIZATION_LEVEL = "-O";
				VALIDATE_PRODUCT = YES;
			};
			name = Release;
		};
		E2CFCD98249CEB880053CC99 /* Debug */ = {
			isa = XCBuildConfiguration;
			buildSettings = {
				ASSETCATALOG_COMPILER_APPICON_NAME = AppIcon;
				CODE_SIGN_STYLE = Automatic;
				INFOPLIST_FILE = iOS_Exercise/Info.plist;
				IPHONEOS_DEPLOYMENT_TARGET = 13.2;
				LD_RUNPATH_SEARCH_PATHS = (
					"$(inherited)",
					"@executable_path/Frameworks",
				);
				PRODUCT_BUNDLE_IDENTIFIER = "com.CodeChallenge.App.iOS-Exercise";
				PRODUCT_NAME = "$(TARGET_NAME)";
				SWIFT_VERSION = 5.0;
				TARGETED_DEVICE_FAMILY = "1,2";
			};
			name = Debug;
		};
		E2CFCD99249CEB880053CC99 /* Release */ = {
			isa = XCBuildConfiguration;
			buildSettings = {
				ASSETCATALOG_COMPILER_APPICON_NAME = AppIcon;
				CODE_SIGN_STYLE = Automatic;
				INFOPLIST_FILE = iOS_Exercise/Info.plist;
				IPHONEOS_DEPLOYMENT_TARGET = 13.2;
				LD_RUNPATH_SEARCH_PATHS = (
					"$(inherited)",
					"@executable_path/Frameworks",
				);
				PRODUCT_BUNDLE_IDENTIFIER = "com.CodeChallenge.App.iOS-Exercise";
				PRODUCT_NAME = "$(TARGET_NAME)";
				SWIFT_VERSION = 5.0;
				TARGETED_DEVICE_FAMILY = "1,2";
			};
			name = Release;
		};
		E2CFCD9B249CEB880053CC99 /* Debug */ = {
			isa = XCBuildConfiguration;
			buildSettings = {
				ALWAYS_EMBED_SWIFT_STANDARD_LIBRARIES = YES;
				BUNDLE_LOADER = "$(TEST_HOST)";
				CODE_SIGN_STYLE = Automatic;
				INFOPLIST_FILE = iOS_ExerciseTests/Info.plist;
				IPHONEOS_DEPLOYMENT_TARGET = 13.2;
				LD_RUNPATH_SEARCH_PATHS = (
					"$(inherited)",
					"@executable_path/Frameworks",
					"@loader_path/Frameworks",
				);
				PRODUCT_BUNDLE_IDENTIFIER = "com.CodeChallenge.App.iOS-ExerciseTests";
				PRODUCT_NAME = "$(TARGET_NAME)";
				SWIFT_VERSION = 5.0;
				TARGETED_DEVICE_FAMILY = "1,2";
				TEST_HOST = "$(BUILT_PRODUCTS_DIR)/iOS_Exercise.app/iOS_Exercise";
			};
			name = Debug;
		};
		E2CFCD9C249CEB880053CC99 /* Release */ = {
			isa = XCBuildConfiguration;
			buildSettings = {
				ALWAYS_EMBED_SWIFT_STANDARD_LIBRARIES = YES;
				BUNDLE_LOADER = "$(TEST_HOST)";
				CODE_SIGN_STYLE = Automatic;
				INFOPLIST_FILE = iOS_ExerciseTests/Info.plist;
				IPHONEOS_DEPLOYMENT_TARGET = 13.2;
				LD_RUNPATH_SEARCH_PATHS = (
					"$(inherited)",
					"@executable_path/Frameworks",
					"@loader_path/Frameworks",
				);
				PRODUCT_BUNDLE_IDENTIFIER = "com.CodeChallenge.App.iOS-ExerciseTests";
				PRODUCT_NAME = "$(TARGET_NAME)";
				SWIFT_VERSION = 5.0;
				TARGETED_DEVICE_FAMILY = "1,2";
				TEST_HOST = "$(BUILT_PRODUCTS_DIR)/iOS_Exercise.app/iOS_Exercise";
			};
			name = Release;
		};
		E2CFCD9E249CEB880053CC99 /* Debug */ = {
			isa = XCBuildConfiguration;
			buildSettings = {
				ALWAYS_EMBED_SWIFT_STANDARD_LIBRARIES = YES;
				CODE_SIGN_STYLE = Automatic;
				INFOPLIST_FILE = iOS_ExerciseUITests/Info.plist;
				LD_RUNPATH_SEARCH_PATHS = (
					"$(inherited)",
					"@executable_path/Frameworks",
					"@loader_path/Frameworks",
				);
				PRODUCT_BUNDLE_IDENTIFIER = "com.CodeChallenge.App.iOS-ExerciseUITests";
				PRODUCT_NAME = "$(TARGET_NAME)";
				SWIFT_VERSION = 5.0;
				TARGETED_DEVICE_FAMILY = "1,2";
				TEST_TARGET_NAME = iOS_Exercise;
			};
			name = Debug;
		};
		E2CFCD9F249CEB880053CC99 /* Release */ = {
			isa = XCBuildConfiguration;
			buildSettings = {
				ALWAYS_EMBED_SWIFT_STANDARD_LIBRARIES = YES;
				CODE_SIGN_STYLE = Automatic;
				INFOPLIST_FILE = iOS_ExerciseUITests/Info.plist;
				LD_RUNPATH_SEARCH_PATHS = (
					"$(inherited)",
					"@executable_path/Frameworks",
					"@loader_path/Frameworks",
				);
				PRODUCT_BUNDLE_IDENTIFIER = "com.CodeChallenge.App.iOS-ExerciseUITests";
				PRODUCT_NAME = "$(TARGET_NAME)";
				SWIFT_VERSION = 5.0;
				TARGETED_DEVICE_FAMILY = "1,2";
				TEST_TARGET_NAME = iOS_Exercise;
			};
			name = Release;
		};
/* End XCBuildConfiguration section */

/* Begin XCConfigurationList section */
		E2CFCD68249CEB850053CC99 /* Build configuration list for PBXProject "iOS_Exercise" */ = {
			isa = XCConfigurationList;
			buildConfigurations = (
				E2CFCD95249CEB880053CC99 /* Debug */,
				E2CFCD96249CEB880053CC99 /* Release */,
			);
			defaultConfigurationIsVisible = 0;
			defaultConfigurationName = Release;
		};
		E2CFCD97249CEB880053CC99 /* Build configuration list for PBXNativeTarget "iOS_Exercise" */ = {
			isa = XCConfigurationList;
			buildConfigurations = (
				E2CFCD98249CEB880053CC99 /* Debug */,
				E2CFCD99249CEB880053CC99 /* Release */,
			);
			defaultConfigurationIsVisible = 0;
			defaultConfigurationName = Release;
		};
		E2CFCD9A249CEB880053CC99 /* Build configuration list for PBXNativeTarget "iOS_ExerciseTests" */ = {
			isa = XCConfigurationList;
			buildConfigurations = (
				E2CFCD9B249CEB880053CC99 /* Debug */,
				E2CFCD9C249CEB880053CC99 /* Release */,
			);
			defaultConfigurationIsVisible = 0;
			defaultConfigurationName = Release;
		};
		E2CFCD9D249CEB880053CC99 /* Build configuration list for PBXNativeTarget "iOS_ExerciseUITests" */ = {
			isa = XCConfigurationList;
			buildConfigurations = (
				E2CFCD9E249CEB880053CC99 /* Debug */,
				E2CFCD9F249CEB880053CC99 /* Release */,
			);
			defaultConfigurationIsVisible = 0;
			defaultConfigurationName = Release;
		};
/* End XCConfigurationList section */
	};
	rootObject = E2CFCD65249CEB850053CC99 /* Project object */;
}
